<?xml version="1.0" encoding="utf-8"?>
<Project ToolsVersion="4.0" xmlns="http://schemas.microsoft.com/developer/msbuild/2003">
  <ItemGroup>
    <Filter Include="Source Files">
      <UniqueIdentifier>{4FC737F1-C7A5-4376-A066-2A32D752A2FF}</UniqueIdentifier>
      <Extensions>cpp;c;cc;cxx;def;odl;idl;hpj;bat;asm;asmx</Extensions>
    </Filter>
    <Filter Include="Header Files">
      <UniqueIdentifier>{93995380-89BD-4b04-88EB-625FBE52EBFB}</UniqueIdentifier>
      <Extensions>h;hh;hpp;hxx;hm;inl;inc;ipp;xsd</Extensions>
    </Filter>
    <Filter Include="Resource Files">
      <UniqueIdentifier>{67DA6AB6-F800-4c08-8B7A-83BB121AAD01}</UniqueIdentifier>
      <Extensions>rc;ico;cur;bmp;dlg;rc2;rct;bin;rgs;gif;jpg;jpeg;jpe;resx;tiff;tif;png;wav;mfcribbon-ms</Extensions>
    </Filter>
    <Filter Include="Snakes">
      <UniqueIdentifier>{df5906e2-94ea-480e-921f-2e2389ed4ed6}</UniqueIdentifier>
    </Filter>
    <Filter Include="Levels">
      <UniqueIdentifier>{1a75b978-f4e0-42bc-aa44-0143088a5552}</UniqueIdentifier>
    </Filter>
    <Filter Include="Menus">
      <UniqueIdentifier>{fc01c2d6-143f-4fbb-affe-d8a4fbaf5c45}</UniqueIdentifier>
    </Filter>
    <Filter Include="Displays">
      <UniqueIdentifier>{cc4db532-a7bd-4f20-baf8-d8052bf416ff}</UniqueIdentifier>
    </Filter>
    <Filter Include="Items">
      <UniqueIdentifier>{38edb747-484f-4446-b4d1-6b3bf238b4ff}</UniqueIdentifier>
    </Filter>
    <Filter Include="Items\FactoryMethod">
      <UniqueIdentifier>{4ec35b97-300e-41f9-9e97-24ca9d10d770}</UniqueIdentifier>
    </Filter>
    <Filter Include="Other">
      <UniqueIdentifier>{df7b0010-bb54-441f-8b6e-347295c8fdaf}</UniqueIdentifier>
    </Filter>
    <Filter Include="Snakes\State">
      <UniqueIdentifier>{7b8b2736-b1d6-4b68-836b-bfeae046ff63}</UniqueIdentifier>
    </Filter>
    <Filter Include="Settings">
      <UniqueIdentifier>{d0fc8305-9e29-482f-9d5b-7861b2589824}</UniqueIdentifier>
    </Filter>
    <Filter Include="Game">
      <UniqueIdentifier>{9f45ad53-6909-46fe-a4fd-bba266b71a9e}</UniqueIdentifier>
    </Filter>
    <Filter Include="Database">
      <UniqueIdentifier>{45b0ce6b-898a-4c49-9123-f560c879fa1b}</UniqueIdentifier>
    </Filter>
    <Filter Include="Database\SQLite">
      <UniqueIdentifier>{3d437a7b-890c-4a94-8378-d54f9498aebf}</UniqueIdentifier>
    </Filter>
  </ItemGroup>
  <ItemGroup>
    <ClCompile Include="Main.cpp">
      <Filter>Source Files</Filter>
    </ClCompile>
    <ClCompile Include="Snakes\Snake.cpp">
      <Filter>Snakes</Filter>
    </ClCompile>
    <ClCompile Include="Levels\LevelBase.cpp">
      <Filter>Levels</Filter>
    </ClCompile>
    <ClCompile Include="Levels\FirstLevel.cpp">
      <Filter>Levels</Filter>
    </ClCompile>
    <ClCompile Include="Menus\MenuBase.cpp">
      <Filter>Menus</Filter>
    </ClCompile>
    <ClCompile Include="Menus\MainMenu.cpp">
      <Filter>Menus</Filter>
    </ClCompile>
    <ClCompile Include="Menus\Pause.cpp">
      <Filter>Menus</Filter>
    </ClCompile>
    <ClCompile Include="Items\ItemBase.cpp">
      <Filter>Items</Filter>
    </ClCompile>
    <ClCompile Include="Items\Apple.cpp">
      <Filter>Items</Filter>
    </ClCompile>
    <ClCompile Include="Items\Pear.cpp">
      <Filter>Items</Filter>
    </ClCompile>
    <ClCompile Include="Items\Amanita.cpp">
      <Filter>Items</Filter>
    </ClCompile>
    <ClCompile Include="Items\SpeedUp.cpp">
      <Filter>Items</Filter>
    </ClCompile>
    <ClCompile Include="Items\SpeedDown.cpp">
      <Filter>Items</Filter>
    </ClCompile>
    <ClCompile Include="Menus\Help.cpp">
      <Filter>Menus</Filter>
    </ClCompile>
    <ClCompile Include="Other\Time.cpp">
      <Filter>Other</Filter>
    </ClCompile>
    <ClCompile Include="Other\Timer.cpp">
      <Filter>Other</Filter>
    </ClCompile>
    <ClCompile Include="Levels\SecondLevel.cpp">
      <Filter>Levels</Filter>
    </ClCompile>
    <ClCompile Include="Snakes\State\MoveBase.cpp">
      <Filter>Snakes\State</Filter>
    </ClCompile>
    <ClCompile Include="Snakes\State\SpeedMove.cpp">
      <Filter>Snakes\State</Filter>
    </ClCompile>
    <ClCompile Include="Settings\Button.cpp">
      <Filter>Settings</Filter>
    </ClCompile>
    <ClCompile Include="Snakes\State\NormalMove.cpp">
      <Filter>Snakes\State</Filter>
    </ClCompile>
    <ClCompile Include="Snakes\State\SlowMove.cpp">
      <Filter>Snakes\State</Filter>
    </ClCompile>
    <ClCompile Include="Other\Random.cpp">
      <Filter>Other</Filter>
    </ClCompile>
    <ClCompile Include="Game\BaseApp.cpp">
      <Filter>Game</Filter>
    </ClCompile>
    <ClCompile Include="Game\Game.cpp">
      <Filter>Game</Filter>
    </ClCompile>
    <ClCompile Include="Database\SQLite.cpp">
      <Filter>Database</Filter>
    </ClCompile>
    <ClCompile Include="Database\SQLite\sqlite3.c">
      <Filter>Database\SQLite</Filter>
    </ClCompile>
    <ClCompile Include="Other\Rating.cpp">
      <Filter>Other</Filter>
    </ClCompile>
    <ClCompile Include="Menus\RatingMenu.cpp">
      <Filter>Menus</Filter>
    </ClCompile>
  </ItemGroup>
  <ItemGroup>
    <ClInclude Include="Snakes\Snake.h">
      <Filter>Snakes</Filter>
    </ClInclude>
    <ClInclude Include="Display\ConsoleDisplay.h">
      <Filter>Displays</Filter>
    </ClInclude>
    <ClInclude Include="Levels\LevelBase.h">
      <Filter>Levels</Filter>
    </ClInclude>
    <ClInclude Include="Levels\FirstLevel.h">
      <Filter>Levels</Filter>
    </ClInclude>
    <ClInclude Include="Menus\MenuBase.h">
      <Filter>Menus</Filter>
    </ClInclude>
    <ClInclude Include="Menus\MainMenu.h">
      <Filter>Menus</Filter>
    </ClInclude>
    <ClInclude Include="Menus\Pause.h">
      <Filter>Menus</Filter>
    </ClInclude>
    <ClInclude Include="Items\ItemBase.h">
      <Filter>Items</Filter>
    </ClInclude>
    <ClInclude Include="Items\Apple.h">
      <Filter>Items</Filter>
    </ClInclude>
    <ClInclude Include="Items\Pear.h">
      <Filter>Items</Filter>
    </ClInclude>
    <ClInclude Include="Items\Amanita.h">
      <Filter>Items</Filter>
    </ClInclude>
    <ClInclude Include="Items\SpeedUp.h">
      <Filter>Items</Filter>
    </ClInclude>
    <ClInclude Include="Items\SpeedDown.h">
      <Filter>Items</Filter>
    </ClInclude>
    <ClInclude Include="Menus\Help.h">
      <Filter>Menus</Filter>
    </ClInclude>
    <ClInclude Include="Display\IDisplay.h">
      <Filter>Displays</Filter>
    </ClInclude>
    <ClInclude Include="Items\IEdible.h">
      <Filter>Items</Filter>
    </ClInclude>
    <ClInclude Include="Other\ThreadSafeVector.h">
      <Filter>Other</Filter>
    </ClInclude>
    <ClInclude Include="Other\Time.h">
      <Filter>Other</Filter>
    </ClInclude>
    <ClInclude Include="Other\Timer.h">
      <Filter>Other</Filter>
    </ClInclude>
    <ClInclude Include="Items\FactoryMethod\AmanitaCreator.h">
      <Filter>Items\FactoryMethod</Filter>
    </ClInclude>
    <ClInclude Include="Items\FactoryMethod\AppleCreator.h">
      <Filter>Items\FactoryMethod</Filter>
    </ClInclude>
    <ClInclude Include="Items\FactoryMethod\ItemCreator.h">
      <Filter>Items\FactoryMethod</Filter>
    </ClInclude>
    <ClInclude Include="Items\FactoryMethod\PearCreator.h">
      <Filter>Items\FactoryMethod</Filter>
    </ClInclude>
    <ClInclude Include="Items\FactoryMethod\SpeedUpCreator.h">
      <Filter>Items\FactoryMethod</Filter>
    </ClInclude>
    <ClInclude Include="Levels\SecondLevel.h">
      <Filter>Levels</Filter>
    </ClInclude>
    <ClInclude Include="Items\FactoryMethod\SpeedDownCreator.h">
      <Filter>Items\FactoryMethod</Filter>
    </ClInclude>
    <ClInclude Include="Snakes\State\MoveBase.h">
      <Filter>Snakes\State</Filter>
    </ClInclude>
    <ClInclude Include="Snakes\State\SpeedMove.h">
      <Filter>Snakes\State</Filter>
    </ClInclude>
    <ClInclude Include="Settings\Button.h">
      <Filter>Settings</Filter>
    </ClInclude>
    <ClInclude Include="Snakes\State\NormalMove.h">
      <Filter>Snakes\State</Filter>
    </ClInclude>
    <ClInclude Include="Snakes\State\SlowMove.h">
      <Filter>Snakes\State</Filter>
    </ClInclude>
    <ClInclude Include="Headers\Colors.h">
      <Filter>Header Files</Filter>
    </ClInclude>
    <ClInclude Include="Headers\Creators.h">
      <Filter>Header Files</Filter>
    </ClInclude>
    <ClInclude Include="Headers\Header.h">
      <Filter>Header Files</Filter>
    </ClInclude>
    <ClInclude Include="Headers\Levels.h">
      <Filter>Header Files</Filter>
    </ClInclude>
    <ClInclude Include="Headers\Menus.h">
      <Filter>Header Files</Filter>
    </ClInclude>
    <ClInclude Include="Other\Random.h">
      <Filter>Other</Filter>
    </ClInclude>
    <ClInclude Include="Headers\Snakes.h">
      <Filter>Header Files</Filter>
    </ClInclude>
    <ClInclude Include="Game\BaseApp.h">
      <Filter>Game</Filter>
    </ClInclude>
    <ClInclude Include="Game\Game.h">
      <Filter>Game</Filter>
    </ClInclude>
    <ClInclude Include="Database\SQLite.h">
      <Filter>Database</Filter>
    </ClInclude>
    <ClInclude Include="resource.h">
      <Filter>Header Files</Filter>
    </ClInclude>
    <ClInclude Include="Database\SQLite\sqlite3.h">
      <Filter>Database\SQLite</Filter>
    </ClInclude>
    <ClInclude Include="Other\Rating.h">
      <Filter>Other</Filter>
    </ClInclude>
    <ClInclude Include="Menus\RatingMenu.h">
      <Filter>Menus</Filter>
    </ClInclude>
  </ItemGroup>
</Project>